# This file was autogenerated by uv via the following command:
#    uv pip compile requirements-build.in --python-version 3.12 -o requirements-build.lock
hatchling==1.31.0
    # via -r requirements-build.in
packaging==26.3
    # via hatchling
pathspec==1.1.1
    # via hatchling
pluggy==1.6.0
    # via hatchling
trove-classifiers==2026.6.1.19
    # via hatchling
